github.com/SENERGY-Platform/go-env-loader v0.5.3 h1:sNM/psxYBs3DeDCw8P8gWM2hvySijwy9t2DdSGdhF1c=
github.com/SENERGY-Platform/go-env-loader v0.5.3/go.mod h1:vdEOp4x1VIzmCR+5u/4/GmO8bUOkYsP6NQaLy/46AVE=
github.com/SENERGY-Platform/go-service-base/config-hdl v1.2.0 h1:OST21YZ0/Or10Ey2woQbaN5OVJHr+2Ix84pCygx5S3o=
github.com/SENERGY-Platform/go-service-base/config-hdl v1.2.0/go.mod h1:+YKSlnOc5NNeZuVA5HE8hmrKCRQwb5FlMvgmpMw2FWk=
github.com/SENERGY-Platform/go-service-base/srv-info-hdl v0.2.0 h1:EQbMcWBVgzArb/OJi0LbNXcE48oIRWngw0ChnWzd8KM=
github.com/SENERGY-Platform/go-service-base/srv-info-hdl v0.2.0/go.mod h1:mgNdIRGzrn3Vey2d0j/OtGSt8APIp5Io54MD80UorPs=
github.com/SENERGY-Platform/go-service-base/struct-logger v0.4.1 h1:FF4jhIpxYbXkBQRm4oV/1KiTq1U7a5EQ0x5jqGhZDoY=
github.com/SENERGY-Platform/go-service-base/struct-logger v0.4.1/go.mod h1:WuvuHGXhnLtXn2ry2kfTaQwco3EY3XTCefLeNqUT+jg=
github.com/SENERGY-Platform/go-service-base/util v1.1.0 h1:dsfWSfv+k0xr1kgasjIfw1UrvYL2G4QUmMvEwwNJi7c=
github.com/SENERGY-Platform/go-service-base/util v1.1.0/go.mod h1:/gs/BaaSNwC+jbjsSgWDPoeMhfq8uJsf0WVQtyjP+wM=
github.com/SENERGY-Platform/mgw-dc-lib-go v0.0.0-20221129060713-55138534c03c h1:U/fD9tAhN7iaimJJhqDtz8N5S+H/SG7jc8Q6xRDr4zM=
github.com/SENERGY-Platform/mgw-dc-lib-go v0.0.0-20221129060713-55138534c03c/go.mod h1:/ZPYwFPPfCO/l6N/7vkXzBh1Fg42oAZ0DxYXW8Q5xFE=
github.com/eclipse/paho.mqtt.golang v1.5.1 h1:/VSOv3oDLlpqR2Epjn1Q7b2bSTplJIeV2ISgCl2W7nE=
github.com/eclipse/paho.mqtt.golang v1.5.1/go.mod h1:1/yJCneuyOoCOzKSsOTUc0AJfpsItBGWvYpBLimhArU=
github.com/fsnotify/fsnotify v1.6.0/go.mod h1:sl3t1tCWJFWoRz9R8WJCbQihKKwmorjAbSClcnxKAGw=
github.com/fsnotify/fsnotify v1.9.0 h1:2Ml+OJNzbYCTzsxtv8vKSFD9PbJjmhYF14k/jKC7S9k=
github.com/fsnotify/fsnotify v1.9.0/go.mod h1:8jBTzvmWwFyi3Pb8djgCCO5IBqzKJ/Jwo8TRcHyHii0=
github.com/gorilla/websocket v1.5.3 h1:saDtZ6Pbx/0u+bgYQ3q96pZgCzfhKXGPqt7kZ72aNNg=
github.com/gorilla/websocket v1.5.3/go.mod h1:YR8l580nyteQvAITg2hZ9XVh4b55+EU/adAjf1fMHhE=
github.com/nxadm/tail v1.4.11 h1:8feyoE3OzPrcshW5/MJ4sGESc5cqmGkGCWlco4l0bqY=
github.com/nxadm/tail v1.4.11/go.mod h1:OTaG3NK980DZzxbRq6lEuzgU+mug70nY11sMd4JXXHc=
golang.org/x/exp v0.0.0-20221114191408-850992195362 h1:NoHlPRbyl1VFI6FjwHtPQCN7wAMXI6cKcqrmXhOOfBQ=
golang.org/x/exp v0.0.0-20221114191408-850992195362/go.mod h1:CxIveKay+FTh1D0yPZemJVgC/95VzuuOLq5Qi4xnoYc=
golang.org/x/net v0.44.0 h1:evd8IRDyfNBMBTTY5XRF1vaZlD+EmWx6x8PkhR04H/I=
golang.org/x/net v0.44.0/go.mod h1:ECOoLqd5U3Lhyeyo/QDCEVQ4sNgYsqvCZ722XogGieY=
golang.org/x/sync v0.17.0 h1:l60nONMj9l5drqw6jlhIELNv9I0A4OFgRsG9k2oT9Ug=
golang.org/x/sync v0.17.0/go.mod h1:9KTHXmSnoGruLpwFjVSX0lNNA75CykiMECbovNTZqGI=
golang.org/x/sys v0.0.0-20220908164124-27713097b956/go.mod h1:oPkhp1MJrh7nUepCBck5+mAzfO9JrbApNNgaTdGDITg=
golang.org/x/sys v0.36.0 h1:KVRy2GtZBrk1cBYA7MKu5bEZFxQk4NIDV6RLVcC8o0k=
golang.org/x/sys v0.36.0/go.mod h1:OgkHotnGiDImocRcuBABYBEXf8A9a87e/uXjp9XT3ks=
gopkg.in/tomb.v1 v1.0.0-20141024135613-dd632973f1e7 h1:uRGJdciOHaEIrze2W8Q3AKkepLTh2hOroT7a+7czfdQ=
gopkg.in/tomb.v1 v1.0.0-20141024135613-dd632973f1e7/go.mod h1:dt/ZhP58zS4L8KSrWDmTeBkI65Dw0HsyUHuEVlX15mw=
